{
  "name": "@wcli/cli-webpack",
  "version": "1.0.0",
  "lockfileVersion": 1,
  "requires": true,
  "dependencies": {
    "@types/lodash": {
      "version": "4.14.159",
      "resolved": "https://registry.npm.taobao.org/@types/lodash/download/@types/lodash-4.14.159.tgz",
      "integrity": "sha1-YQiXGdxv3ZxctG78gn8lcdFRcGU=",
      "dev": true
    },
    "@types/node": {
      "version": "14.6.0",
      "resolved": "https://registry.npm.taobao.org/@types/node/download/@types/node-14.6.0.tgz?cache=0&sync_timestamp=1597673276690&other_urls=https%3A%2F%2Fregistry.npm.taobao.org%2F%40types%2Fnode%2Fdownload%2F%40types%2Fnode-14.6.0.tgz",
      "integrity": "sha1-fUQRv1FXM5M318/4ZNn/RfF3tJk=",
      "dev": true
    },
    "babel-plugin-auto-css-modules": {
      "version": "1.1.2",
      "resolved": "https://registry.npm.taobao.org/babel-plugin-auto-css-modules/download/babel-plugin-auto-css-modules-1.1.2.tgz",
      "integrity": "sha1-J+Q005YIzTX8yaTl5bpkQ5DgzOQ="
    },
    "deepmerge": {
      "version": "1.5.2",
      "resolved": "https://registry.npm.taobao.org/deepmerge/download/deepmerge-1.5.2.tgz",
      "integrity": "sha1-EEmdhohEza1P7ghC34x/bwyVp1M="
    },
    "javascript-stringify": {
      "version": "2.0.1",
      "resolved": "https://registry.npm.taobao.org/javascript-stringify/download/javascript-stringify-2.0.1.tgz",
      "integrity": "sha1-bvNYA1MQ411mfGde1j0+t8GqGeU="
    },
    "webpack-chain": {
      "version": "6.5.1",
      "resolved": "https://registry.npm.taobao.org/webpack-chain/download/webpack-chain-6.5.1.tgz?cache=0&sync_timestamp=1595813159674&other_urls=https%3A%2F%2Fregistry.npm.taobao.org%2Fwebpack-chain%2Fdownload%2Fwebpack-chain-6.5.1.tgz",
      "integrity": "sha1-TycoTLu2N+PI+970Pu9YjU2GEgY=",
      "requires": {
        "deepmerge": "^1.5.2",
        "javascript-stringify": "^2.0.1"
      }
    }
  }
}
