{
  "name": "@wcli/cli-webpack",
  "version": "1.0.1-beta.0",
  "lockfileVersion": 1,
  "requires": true,
  "dependencies": {
    "@babel/runtime": {
      "version": "7.11.2",
      "resolved": "https://registry.npmjs.org/@babel/runtime/-/runtime-7.11.2.tgz",
      "integrity": "sha512-TeWkU52so0mPtDcaCTxNBI/IHiz0pZgr8VEFqXFtZWpYD08ZB6FaSwVAS8MKRQAP3bYKiVjwysOJgMFY28o6Tw==",
      "requires": {
        "regenerator-runtime": "^0.13.4"
      }
    },
    "@types/lodash": {
      "version": "4.14.160",
      "resolved": "https://registry.npmjs.org/@types/lodash/-/lodash-4.14.160.tgz",
      "integrity": "sha512-aP03BShJoO+WVndoVj/WNcB/YBPt+CIU1mvaao2GRAHy2yg4pT/XS4XnVHEQBjPJGycWf/9seKEO9vopTJGkvA==",
      "dev": true
    },
    "@types/node": {
      "version": "14.6.1",
      "resolved": "https://registry.npmjs.org/@types/node/-/node-14.6.1.tgz",
      "integrity": "sha512-HnYlg/BRF8uC1FyKRFZwRaCPTPYKa+6I8QiUZFLredaGOou481cgFS4wKRFyKvQtX8xudqkSdBczJHIYSQYKrQ==",
      "dev": true
    },
    "core-js": {
      "version": "3.6.5",
      "resolved": "https://registry.npmjs.org/core-js/-/core-js-3.6.5.tgz",
      "integrity": "sha512-vZVEEwZoIsI+vPEuoF9Iqf5H7/M3eeQqWlQnYa8FSKKePuYTf5MWnxb5SDAzCa60b3JBRS5g9b+Dq7b1y/RCrA=="
    },
    "deepmerge": {
      "version": "1.5.2",
      "resolved": "https://registry.npm.taobao.org/deepmerge/download/deepmerge-1.5.2.tgz",
      "integrity": "sha1-EEmdhohEza1P7ghC34x/bwyVp1M="
    },
    "dotenv": {
      "version": "8.2.0",
      "resolved": "https://registry.npmjs.org/dotenv/-/dotenv-8.2.0.tgz",
      "integrity": "sha512-8sJ78ElpbDJBHNeBzUbUVLsqKdccaa/BXF1uPTw3GrvQTBgrQrtObr2mUrE38vzYd8cEv+m/JBfDLioYcfXoaw=="
    },
    "dotenv-defaults": {
      "version": "2.0.1",
      "resolved": "https://registry.npmjs.org/dotenv-defaults/-/dotenv-defaults-2.0.1.tgz",
      "integrity": "sha512-ugFCyBF7ILuwpmznduHPQZBMucHHJ8T4OBManTEVjemxCm2+nqifSuW2lD2SNKdiKSH1E324kZSdJ8M04b4I/A==",
      "requires": {
        "dotenv": "^8.2.0"
      }
    },
    "dotenv-webpack": {
      "version": "6.0.0",
      "resolved": "https://registry.npmjs.org/dotenv-webpack/-/dotenv-webpack-6.0.0.tgz",
      "integrity": "sha512-u/ycyUq7+x407HNTTqJDJelX64Pjmtm96IskgV4ZPPqTdE5d7+p8GzK7OW4sOoPxnwiLQ3iM6zjauYqFU8KdNg==",
      "requires": {
        "dotenv-defaults": "^2.0.1"
      }
    },
    "javascript-stringify": {
      "version": "2.0.1",
      "resolved": "https://registry.npm.taobao.org/javascript-stringify/download/javascript-stringify-2.0.1.tgz",
      "integrity": "sha1-bvNYA1MQ411mfGde1j0+t8GqGeU="
    },
    "regenerator-runtime": {
      "version": "0.13.7",
      "resolved": "https://registry.npmjs.org/regenerator-runtime/-/regenerator-runtime-0.13.7.tgz",
      "integrity": "sha512-a54FxoJDIr27pgf7IgeQGxmqUNYrcV338lf/6gH456HZ/PhX+5BcwHXG9ajESmwe6WRO0tAzRUrRmNONWgkrew=="
    },
    "ts-import-plugin": {
      "version": "1.6.6",
      "resolved": "https://registry.npm.taobao.org/ts-import-plugin/download/ts-import-plugin-1.6.6.tgz",
      "integrity": "sha1-00jw4WvKf/73TMWCzuEK0OcyBL8=",
      "requires": {
        "tslib": "^1.11.1"
      }
    },
    "tslib": {
      "version": "1.13.0",
      "resolved": "https://registry.npm.taobao.org/tslib/download/tslib-1.13.0.tgz?cache=0&sync_timestamp=1596751917452&other_urls=https%3A%2F%2Fregistry.npm.taobao.org%2Ftslib%2Fdownload%2Ftslib-1.13.0.tgz",
      "integrity": "sha1-yIHhPMcBWJTtkUhi0nZDb6mkcEM="
    },
    "webpack-chain": {
      "version": "6.5.1",
      "resolved": "https://registry.npm.taobao.org/webpack-chain/download/webpack-chain-6.5.1.tgz?cache=0&sync_timestamp=1595813159674&other_urls=https%3A%2F%2Fregistry.npm.taobao.org%2Fwebpack-chain%2Fdownload%2Fwebpack-chain-6.5.1.tgz",
      "integrity": "sha1-TycoTLu2N+PI+970Pu9YjU2GEgY=",
      "requires": {
        "deepmerge": "^1.5.2",
        "javascript-stringify": "^2.0.1"
      }
    }
  }
}
